
Microsoft Visual Studio Solution File, Format Version 12.00
# Visual Studio Version 17
VisualStudioVersion = 17.2.32630.192
MinimumVisualStudioVersion = 10.0.40219.1
Project("{FAE04EC0-301F-11D3-BF4B-00C04F79EFBC}") = "ConsoleApp5", "ConsoleApp5\ConsoleApp5.csproj", "{B0CF32C6-2A6F-4DB0-B701-B88CB78AB865}"
EndProject
Global
	GlobalSection(SolutionConfigurationPlatforms) = preSolution
		Debug|Any CPU = Debug|Any CPU
		Release|Any CPU = Release|Any CPU
	EndGlobalSection
	GlobalSection(ProjectConfigurationPlatforms) = postSolution
		{B0CF32C6-2A6F-4DB0-B701-B88CB78AB865}.Debug|Any CPU.ActiveCfg = Debug|Any CPU
		{B0CF32C6-2A6F-4DB0-B701-B88CB78AB865}.Debug|Any CPU.Build.0 = Debug|Any CPU
		{B0CF32C6-2A6F-4DB0-B701-B88CB78AB865}.Release|Any CPU.ActiveCfg = Release|Any CPU
		{B0CF32C6-2A6F-4DB0-B701-B88CB78AB865}.Release|Any CPU.Build.0 = Release|Any CPU
	EndGlobalSection
	GlobalSection(SolutionProperties) = preSolution
		HideSolutionNode = FALSE
	EndGlobalSection
	GlobalSection(ExtensibilityGlobals) = postSolution
		SolutionGuid = {E0D9CF71-0E19-409D-88BF-1A119798D8C0}
	EndGlobalSection
EndGlobal
